// !$*UTF8*$!
{
	archiveVersion = 1;
	classes = {
	};
	objectVersion = 56;
	objects = {

/* Begin PBXBuildFile section */
		4945656B2BB9F7980056FC15 /* DARTI.docc in Sources */ = {isa = PBXBuildFile; fileRef = 4945656A2BB9F7980056FC15 /* DARTI.docc */; };
		494565712BB9F7980056FC15 /* DARTI.framework in Frameworks */ = {isa = PBXBuildFile; fileRef = 494565662BB9F7980056FC15 /* DARTI.framework */; };
		494565762BB9F7980056FC15 /* DARTITests.swift in Sources */ = {isa = PBXBuildFile; fileRef = 494565752BB9F7980056FC15 /* DARTITests.swift */; };
		494565772BB9F7980056FC15 /* DARTI.h in Headers */ = {isa = PBXBuildFile; fileRef = 494565692BB9F7980056FC15 /* DARTI.h */; settings = {ATTRIBUTES = (Public, ); }; };
		494565842BB9FD9E0056FC15 /* ConfiguredType.swift in Sources */ = {isa = PBXBuildFile; fileRef = 494565832BB9FD9E0056FC15 /* ConfiguredType.swift */; };
		494565862BB9FDB00056FC15 /* TypeKey.swift in Sources */ = {isa = PBXBuildFile; fileRef = 494565852BB9FDB00056FC15 /* TypeKey.swift */; };
		494565882BB9FE580056FC15 /* SimpleTypeKey.swift in Sources */ = {isa = PBXBuildFile; fileRef = 494565872BB9FE580056FC15 /* SimpleTypeKey.swift */; };
		4945658A2BBA00A60056FC15 /* ConfiguredTypeKey.swift in Sources */ = {isa = PBXBuildFile; fileRef = 494565892BBA00A60056FC15 /* ConfiguredTypeKey.swift */; };
		4945658D2BBA05D30056FC15 /* SimpleTypeResolver.swift in Sources */ = {isa = PBXBuildFile; fileRef = 4945658C2BBA05D30056FC15 /* SimpleTypeResolver.swift */; };
		49A49EB62BBA0BD600A30939 /* ConfiguredTypeResolver.swift in Sources */ = {isa = PBXBuildFile; fileRef = 49A49EB52BBA0BD600A30939 /* ConfiguredTypeResolver.swift */; };
/* End PBXBuildFile section */

/* Begin PBXContainerItemProxy section */
		494565722BB9F7980056FC15 /* PBXContainerItemProxy */ = {
			isa = PBXContainerItemProxy;
			containerPortal = 4945655D2BB9F7980056FC15 /* Project object */;
			proxyType = 1;
			remoteGlobalIDString = 494565652BB9F7980056FC15;
			remoteInfo = DARTI;
		};
/* End PBXContainerItemProxy section */

/* Begin PBXFileReference section */
		494565662BB9F7980056FC15 /* DARTI.framework */ = {isa = PBXFileReference; explicitFileType = wrapper.framework; includeInIndex = 0; path = DARTI.framework; sourceTree = BUILT_PRODUCTS_DIR; };
		494565692BB9F7980056FC15 /* DARTI.h */ = {isa = PBXFileReference; lastKnownFileType = sourcecode.c.h; path = DARTI.h; sourceTree = "<group>"; };
		4945656A2BB9F7980056FC15 /* DARTI.docc */ = {isa = PBXFileReference; lastKnownFileType = folder.documentationcatalog; path = DARTI.docc; sourceTree = "<group>"; };
		494565702BB9F7980056FC15 /* DARTITests.xctest */ = {isa = PBXFileReference; explicitFileType = wrapper.cfbundle; includeInIndex = 0; path = DARTITests.xctest; sourceTree = BUILT_PRODUCTS_DIR; };
		494565752BB9F7980056FC15 /* DARTITests.swift */ = {isa = PBXFileReference; lastKnownFileType = sourcecode.swift; path = DARTITests.swift; sourceTree = "<group>"; };
		494565832BB9FD9E0056FC15 /* ConfiguredType.swift */ = {isa = PBXFileReference; lastKnownFileType = sourcecode.swift; path = ConfiguredType.swift; sourceTree = "<group>"; };
		494565852BB9FDB00056FC15 /* TypeKey.swift */ = {isa = PBXFileReference; lastKnownFileType = sourcecode.swift; path = TypeKey.swift; sourceTree = "<group>"; };
		494565872BB9FE580056FC15 /* SimpleTypeKey.swift */ = {isa = PBXFileReference; lastKnownFileType = sourcecode.swift; path = SimpleTypeKey.swift; sourceTree = "<group>"; };
		494565892BBA00A60056FC15 /* ConfiguredTypeKey.swift */ = {isa = PBXFileReference; lastKnownFileType = sourcecode.swift; path = ConfiguredTypeKey.swift; sourceTree = "<group>"; };
		4945658C2BBA05D30056FC15 /* SimpleTypeResolver.swift */ = {isa = PBXFileReference; lastKnownFileType = sourcecode.swift; path = SimpleTypeResolver.swift; sourceTree = "<group>"; };
		49A49EB52BBA0BD600A30939 /* ConfiguredTypeResolver.swift */ = {isa = PBXFileReference; lastKnownFileType = sourcecode.swift; path = ConfiguredTypeResolver.swift; sourceTree = "<group>"; };
/* End PBXFileReference section */

/* Begin PBXFrameworksBuildPhase section */
		494565632BB9F7980056FC15 /* Frameworks */ = {
			isa = PBXFrameworksBuildPhase;
			buildActionMask = 2147483647;
			files = (
			);
			runOnlyForDeploymentPostprocessing = 0;
		};
		4945656D2BB9F7980056FC15 /* Frameworks */ = {
			isa = PBXFrameworksBuildPhase;
			buildActionMask = 2147483647;
			files = (
				494565712BB9F7980056FC15 /* DARTI.framework in Frameworks */,
			);
			runOnlyForDeploymentPostprocessing = 0;
		};
/* End PBXFrameworksBuildPhase section */

/* Begin PBXGroup section */
		4945655C2BB9F7980056FC15 = {
			isa = PBXGroup;
			children = (
				494565682BB9F7980056FC15 /* Package */,
				494565742BB9F7980056FC15 /* UnitTests */,
				494565672BB9F7980056FC15 /* Products */,
			);
			sourceTree = "<group>";
		};
		494565672BB9F7980056FC15 /* Products */ = {
			isa = PBXGroup;
			children = (
				494565662BB9F7980056FC15 /* DARTI.framework */,
				494565702BB9F7980056FC15 /* DARTITests.xctest */,
			);
			name = Products;
			sourceTree = "<group>";
		};
		494565682BB9F7980056FC15 /* Package */ = {
			isa = PBXGroup;
			children = (
				494565802BB9FCF90056FC15 /* Public */,
				494565692BB9F7980056FC15 /* DARTI.h */,
				4945656A2BB9F7980056FC15 /* DARTI.docc */,
			);
			path = Package;
			sourceTree = "<group>";
		};
		494565742BB9F7980056FC15 /* UnitTests */ = {
			isa = PBXGroup;
			children = (
				494565752BB9F7980056FC15 /* DARTITests.swift */,
			);
			path = UnitTests;
			sourceTree = "<group>";
		};
		494565802BB9FCF90056FC15 /* Public */ = {
			isa = PBXGroup;
			children = (
				4945658B2BBA02DD0056FC15 /* Resolvers */,
				494565812BB9FD680056FC15 /* TypeKeys */,
			);
			path = Public;
			sourceTree = "<group>";
		};
		494565812BB9FD680056FC15 /* TypeKeys */ = {
			isa = PBXGroup;
			children = (
				494565832BB9FD9E0056FC15 /* ConfiguredType.swift */,
				494565852BB9FDB00056FC15 /* TypeKey.swift */,
				494565872BB9FE580056FC15 /* SimpleTypeKey.swift */,
				494565892BBA00A60056FC15 /* ConfiguredTypeKey.swift */,
			);
			path = TypeKeys;
			sourceTree = "<group>";
		};
		4945658B2BBA02DD0056FC15 /* Resolvers */ = {
			isa = PBXGroup;
			children = (
				4945658C2BBA05D30056FC15 /* SimpleTypeResolver.swift */,
				49A49EB52BBA0BD600A30939 /* ConfiguredTypeResolver.swift */,
			);
			path = Resolvers;
			sourceTree = "<group>";
		};
/* End PBXGroup section */

/* Begin PBXHeadersBuildPhase section */
		494565612BB9F7980056FC15 /* Headers */ = {
			isa = PBXHeadersBuildPhase;
			buildActionMask = 2147483647;
			files = (
				494565772BB9F7980056FC15 /* DARTI.h in Headers */,
			);
			runOnlyForDeploymentPostprocessing = 0;
		};
/* End PBXHeadersBuildPhase section */

/* Begin PBXNativeTarget section */
		494565652BB9F7980056FC15 /* DARTI */ = {
			isa = PBXNativeTarget;
			buildConfigurationList = 4945657A2BB9F7980056FC15 /* Build configuration list for PBXNativeTarget "DARTI" */;
			buildPhases = (
				494565612BB9F7980056FC15 /* Headers */,
				494565622BB9F7980056FC15 /* Sources */,
				494565632BB9F7980056FC15 /* Frameworks */,
				494565642BB9F7980056FC15 /* Resources */,
			);
			buildRules = (
			);
			dependencies = (
			);
			name = DARTI;
			productName = DARTI;
			productReference = 494565662BB9F7980056FC15 /* DARTI.framework */;
			productType = "com.apple.product-type.framework";
		};
		4945656F2BB9F7980056FC15 /* DARTITests */ = {
			isa = PBXNativeTarget;
			buildConfigurationList = 4945657D2BB9F7980056FC15 /* Build configuration list for PBXNativeTarget "DARTITests" */;
			buildPhases = (
				4945656C2BB9F7980056FC15 /* Sources */,
				4945656D2BB9F7980056FC15 /* Frameworks */,
				4945656E2BB9F7980056FC15 /* Resources */,
			);
			buildRules = (
			);
			dependencies = (
				494565732BB9F7980056FC15 /* PBXTargetDependency */,
			);
			name = DARTITests;
			productName = DARTITests;
			productReference = 494565702BB9F7980056FC15 /* DARTITests.xctest */;
			productType = "com.apple.product-type.bundle.unit-test";
		};
/* End PBXNativeTarget section */

/* Begin PBXProject section */
		4945655D2BB9F7980056FC15 /* Project object */ = {
			isa = PBXProject;
			attributes = {
				BuildIndependentTargetsInParallel = 1;
				LastSwiftUpdateCheck = 1530;
				LastUpgradeCheck = 1530;
				TargetAttributes = {
					494565652BB9F7980056FC15 = {
						CreatedOnToolsVersion = 15.3;
					};
					4945656F2BB9F7980056FC15 = {
						CreatedOnToolsVersion = 15.3;
					};
				};
			};
			buildConfigurationList = 494565602BB9F7980056FC15 /* Build configuration list for PBXProject "DARTI" */;
			compatibilityVersion = "Xcode 14.0";
			developmentRegion = en;
			hasScannedForEncodings = 0;
			knownRegions = (
				en,
				Base,
			);
			mainGroup = 4945655C2BB9F7980056FC15;
			productRefGroup = 494565672BB9F7980056FC15 /* Products */;
			projectDirPath = "";
			projectRoot = "";
			targets = (
				494565652BB9F7980056FC15 /* DARTI */,
				4945656F2BB9F7980056FC15 /* DARTITests */,
			);
		};
/* End PBXProject section */

/* Begin PBXResourcesBuildPhase section */
		494565642BB9F7980056FC15 /* Resources */ = {
			isa = PBXResourcesBuildPhase;
			buildActionMask = 2147483647;
			files = (
			);
			runOnlyForDeploymentPostprocessing = 0;
		};
		4945656E2BB9F7980056FC15 /* Resources */ = {
			isa = PBXResourcesBuildPhase;
			buildActionMask = 2147483647;
			files = (
			);
			runOnlyForDeploymentPostprocessing = 0;
		};
/* End PBXResourcesBuildPhase section */

/* Begin PBXSourcesBuildPhase section */
		494565622BB9F7980056FC15 /* Sources */ = {
			isa = PBXSourcesBuildPhase;
			buildActionMask = 2147483647;
			files = (
				4945658A2BBA00A60056FC15 /* ConfiguredTypeKey.swift in Sources */,
				49A49EB62BBA0BD600A30939 /* ConfiguredTypeResolver.swift in Sources */,
				494565862BB9FDB00056FC15 /* TypeKey.swift in Sources */,
				4945656B2BB9F7980056FC15 /* DARTI.docc in Sources */,
				4945658D2BBA05D30056FC15 /* SimpleTypeResolver.swift in Sources */,
				494565842BB9FD9E0056FC15 /* ConfiguredType.swift in Sources */,
				494565882BB9FE580056FC15 /* SimpleTypeKey.swift in Sources */,
			);
			runOnlyForDeploymentPostprocessing = 0;
		};
		4945656C2BB9F7980056FC15 /* Sources */ = {
			isa = PBXSourcesBuildPhase;
			buildActionMask = 2147483647;
			files = (
				494565762BB9F7980056FC15 /* DARTITests.swift in Sources */,
			);
			runOnlyForDeploymentPostprocessing = 0;
		};
/* End PBXSourcesBuildPhase section */

/* Begin PBXTargetDependency section */
		494565732BB9F7980056FC15 /* PBXTargetDependency */ = {
			isa = PBXTargetDependency;
			target = 494565652BB9F7980056FC15 /* DARTI */;
			targetProxy = 494565722BB9F7980056FC15 /* PBXContainerItemProxy */;
		};
/* End PBXTargetDependency section */

/* Begin XCBuildConfiguration section */
		494565782BB9F7980056FC15 /* Debug */ = {
			isa = XCBuildConfiguration;
			buildSettings = {
				ALWAYS_SEARCH_USER_PATHS = NO;
				ASSETCATALOG_COMPILER_GENERATE_SWIFT_ASSET_SYMBOL_EXTENSIONS = YES;
				CLANG_ANALYZER_NONNULL = YES;
				CLANG_ANALYZER_NUMBER_OBJECT_CONVERSION = YES_AGGRESSIVE;
				CLANG_CXX_LANGUAGE_STANDARD = "gnu++20";
				CLANG_ENABLE_MODULES = YES;
				CLANG_ENABLE_OBJC_ARC = YES;
				CLANG_ENABLE_OBJC_WEAK = YES;
				CLANG_WARN_BLOCK_CAPTURE_AUTORELEASING = YES;
				CLANG_WARN_BOOL_CONVERSION = YES;
				CLANG_WARN_COMMA = YES;
				CLANG_WARN_CONSTANT_CONVERSION = YES;
				CLANG_WARN_DEPRECATED_OBJC_IMPLEMENTATIONS = YES;
				CLANG_WARN_DIRECT_OBJC_ISA_USAGE = YES_ERROR;
				CLANG_WARN_DOCUMENTATION_COMMENTS = YES;
				CLANG_WARN_EMPTY_BODY = YES;
				CLANG_WARN_ENUM_CONVERSION = YES;
				CLANG_WARN_INFINITE_RECURSION = YES;
				CLANG_WARN_INT_CONVERSION = YES;
				CLANG_WARN_NON_LITERAL_NULL_CONVERSION = YES;
				CLANG_WARN_OBJC_IMPLICIT_RETAIN_SELF = YES;
				CLANG_WARN_OBJC_LITERAL_CONVERSION = YES;
				CLANG_WARN_OBJC_ROOT_CLASS = YES_ERROR;
				CLANG_WARN_QUOTED_INCLUDE_IN_FRAMEWORK_HEADER = YES;
				CLANG_WARN_RANGE_LOOP_ANALYSIS = YES;
				CLANG_WARN_STRICT_PROTOTYPES = YES;
				CLANG_WARN_SUSPICIOUS_MOVE = YES;
				CLANG_WARN_UNGUARDED_AVAILABILITY = YES_AGGRESSIVE;
				CLANG_WARN_UNREACHABLE_CODE = YES;
				CLANG_WARN__DUPLICATE_METHOD_MATCH = YES;
				COPY_PHASE_STRIP = NO;
				CURRENT_PROJECT_VERSION = 1;
				DEBUG_INFORMATION_FORMAT = dwarf;
				ENABLE_STRICT_OBJC_MSGSEND = YES;
				ENABLE_TESTABILITY = YES;
				ENABLE_USER_SCRIPT_SANDBOXING = YES;
				GCC_C_LANGUAGE_STANDARD = gnu17;
				GCC_DYNAMIC_NO_PIC = NO;
				GCC_NO_COMMON_BLOCKS = YES;
				GCC_OPTIMIZATION_LEVEL = 0;
				GCC_PREPROCESSOR_DEFINITIONS = (
					"DEBUG=1",
					"$(inherited)",
				);
				GCC_WARN_64_TO_32_BIT_CONVERSION = YES;
				GCC_WARN_ABOUT_RETURN_TYPE = YES_ERROR;
				GCC_WARN_UNDECLARED_SELECTOR = YES;
				GCC_WARN_UNINITIALIZED_AUTOS = YES_AGGRESSIVE;
				GCC_WARN_UNUSED_FUNCTION = YES;
				GCC_WARN_UNUSED_VARIABLE = YES;
				LOCALIZATION_PREFERS_STRING_CATALOGS = YES;
				MTL_ENABLE_DEBUG_INFO = INCLUDE_SOURCE;
				MTL_FAST_MATH = YES;
				ONLY_ACTIVE_ARCH = YES;
				SWIFT_ACTIVE_COMPILATION_CONDITIONS = "DEBUG $(inherited)";
				SWIFT_OPTIMIZATION_LEVEL = "-Onone";
				VERSIONING_SYSTEM = "apple-generic";
				VERSION_INFO_PREFIX = "";
			};
			name = Debug;
		};
		494565792BB9F7980056FC15 /* Release */ = {
			isa = XCBuildConfiguration;
			buildSettings = {
				ALWAYS_SEARCH_USER_PATHS = NO;
				ASSETCATALOG_COMPILER_GENERATE_SWIFT_ASSET_SYMBOL_EXTENSIONS = YES;
				CLANG_ANALYZER_NONNULL = YES;
				CLANG_ANALYZER_NUMBER_OBJECT_CONVERSION = YES_AGGRESSIVE;
				CLANG_CXX_LANGUAGE_STANDARD = "gnu++20";
				CLANG_ENABLE_MODULES = YES;
				CLANG_ENABLE_OBJC_ARC = YES;
				CLANG_ENABLE_OBJC_WEAK = YES;
				CLANG_WARN_BLOCK_CAPTURE_AUTORELEASING = YES;
				CLANG_WARN_BOOL_CONVERSION = YES;
				CLANG_WARN_COMMA = YES;
				CLANG_WARN_CONSTANT_CONVERSION = YES;
				CLANG_WARN_DEPRECATED_OBJC_IMPLEMENTATIONS = YES;
				CLANG_WARN_DIRECT_OBJC_ISA_USAGE = YES_ERROR;
				CLANG_WARN_DOCUMENTATION_COMMENTS = YES;
				CLANG_WARN_EMPTY_BODY = YES;
				CLANG_WARN_ENUM_CONVERSION = YES;
				CLANG_WARN_INFINITE_RECURSION = YES;
				CLANG_WARN_INT_CONVERSION = YES;
				CLANG_WARN_NON_LITERAL_NULL_CONVERSION = YES;
				CLANG_WARN_OBJC_IMPLICIT_RETAIN_SELF = YES;
				CLANG_WARN_OBJC_LITERAL_CONVERSION = YES;
				CLANG_WARN_OBJC_ROOT_CLASS = YES_ERROR;
				CLANG_WARN_QUOTED_INCLUDE_IN_FRAMEWORK_HEADER = YES;
				CLANG_WARN_RANGE_LOOP_ANALYSIS = YES;
				CLANG_WARN_STRICT_PROTOTYPES = YES;
				CLANG_WARN_SUSPICIOUS_MOVE = YES;
				CLANG_WARN_UNGUARDED_AVAILABILITY = YES_AGGRESSIVE;
				CLANG_WARN_UNREACHABLE_CODE = YES;
				CLANG_WARN__DUPLICATE_METHOD_MATCH = YES;
				COPY_PHASE_STRIP = NO;
				CURRENT_PROJECT_VERSION = 1;
				DEBUG_INFORMATION_FORMAT = "dwarf-with-dsym";
				ENABLE_NS_ASSERTIONS = NO;
				ENABLE_STRICT_OBJC_MSGSEND = YES;
				ENABLE_USER_SCRIPT_SANDBOXING = YES;
				GCC_C_LANGUAGE_STANDARD = gnu17;
				GCC_NO_COMMON_BLOCKS = YES;
				GCC_WARN_64_TO_32_BIT_CONVERSION = YES;
				GCC_WARN_ABOUT_RETURN_TYPE = YES_ERROR;
				GCC_WARN_UNDECLARED_SELECTOR = YES;
				GCC_WARN_UNINITIALIZED_AUTOS = YES_AGGRESSIVE;
				GCC_WARN_UNUSED_FUNCTION = YES;
				GCC_WARN_UNUSED_VARIABLE = YES;
				LOCALIZATION_PREFERS_STRING_CATALOGS = YES;
				MTL_ENABLE_DEBUG_INFO = NO;
				MTL_FAST_MATH = YES;
				SWIFT_COMPILATION_MODE = wholemodule;
				VERSIONING_SYSTEM = "apple-generic";
				VERSION_INFO_PREFIX = "";
			};
			name = Release;
		};
		4945657B2BB9F7980056FC15 /* Debug */ = {
			isa = XCBuildConfiguration;
			buildSettings = {
				ALLOW_TARGET_PLATFORM_SPECIALIZATION = YES;
				BUILD_LIBRARY_FOR_DISTRIBUTION = YES;
				CODE_SIGN_STYLE = Automatic;
				CURRENT_PROJECT_VERSION = 1;
				DEFINES_MODULE = YES;
				DEVELOPMENT_TEAM = 384WS8QBWW;
				DYLIB_COMPATIBILITY_VERSION = 1;
				DYLIB_CURRENT_VERSION = 1;
				DYLIB_INSTALL_NAME_BASE = "@rpath";
				ENABLE_MODULE_VERIFIER = YES;
				GENERATE_INFOPLIST_FILE = YES;
				INFOPLIST_KEY_NSHumanReadableCopyright = "";
				INSTALL_PATH = "$(LOCAL_LIBRARY_DIR)/Frameworks";
				IPHONEOS_DEPLOYMENT_TARGET = 17.4;
				LD_RUNPATH_SEARCH_PATHS = (
					"@executable_path/Frameworks",
					"@loader_path/Frameworks",
				);
				"LD_RUNPATH_SEARCH_PATHS[sdk=macosx*]" = (
					"@executable_path/../Frameworks",
					"@loader_path/Frameworks",
				);
				MACOSX_DEPLOYMENT_TARGET = 14.4;
				MARKETING_VERSION = 1.0;
				MODULE_VERIFIER_SUPPORTED_LANGUAGES = "objective-c objective-c++";
				MODULE_VERIFIER_SUPPORTED_LANGUAGE_STANDARDS = "gnu17 gnu++20";
				PRODUCT_BUNDLE_IDENTIFIER = com.peteschuette.DARTI;
				PRODUCT_NAME = "$(TARGET_NAME:c99extidentifier)";
				SDKROOT = auto;
				SKIP_INSTALL = YES;
				SUPPORTED_PLATFORMS = "iphoneos iphonesimulator macosx";
				SWIFT_EMIT_LOC_STRINGS = YES;
				SWIFT_INSTALL_OBJC_HEADER = NO;
				SWIFT_VERSION = 5.0;
				TARGETED_DEVICE_FAMILY = "1,2";
			};
			name = Debug;
		};
		4945657C2BB9F7980056FC15 /* Release */ = {
			isa = XCBuildConfiguration;
			buildSettings = {
				ALLOW_TARGET_PLATFORM_SPECIALIZATION = YES;
				BUILD_LIBRARY_FOR_DISTRIBUTION = YES;
				CODE_SIGN_STYLE = Automatic;
				CURRENT_PROJECT_VERSION = 1;
				DEFINES_MODULE = YES;
				DEVELOPMENT_TEAM = 384WS8QBWW;
				DYLIB_COMPATIBILITY_VERSION = 1;
				DYLIB_CURRENT_VERSION = 1;
				DYLIB_INSTALL_NAME_BASE = "@rpath";
				ENABLE_MODULE_VERIFIER = YES;
				GENERATE_INFOPLIST_FILE = YES;
				INFOPLIST_KEY_NSHumanReadableCopyright = "";
				INSTALL_PATH = "$(LOCAL_LIBRARY_DIR)/Frameworks";
				IPHONEOS_DEPLOYMENT_TARGET = 17.4;
				LD_RUNPATH_SEARCH_PATHS = (
					"@executable_path/Frameworks",
					"@loader_path/Frameworks",
				);
				"LD_RUNPATH_SEARCH_PATHS[sdk=macosx*]" = (
					"@executable_path/../Frameworks",
					"@loader_path/Frameworks",
				);
				MACOSX_DEPLOYMENT_TARGET = 14.4;
				MARKETING_VERSION = 1.0;
				MODULE_VERIFIER_SUPPORTED_LANGUAGES = "objective-c objective-c++";
				MODULE_VERIFIER_SUPPORTED_LANGUAGE_STANDARDS = "gnu17 gnu++20";
				PRODUCT_BUNDLE_IDENTIFIER = com.peteschuette.DARTI;
				PRODUCT_NAME = "$(TARGET_NAME:c99extidentifier)";
				SDKROOT = auto;
				SKIP_INSTALL = YES;
				SUPPORTED_PLATFORMS = "iphoneos iphonesimulator macosx";
				SWIFT_EMIT_LOC_STRINGS = YES;
				SWIFT_INSTALL_OBJC_HEADER = NO;
				SWIFT_VERSION = 5.0;
				TARGETED_DEVICE_FAMILY = "1,2";
			};
			name = Release;
		};
		4945657E2BB9F7980056FC15 /* Debug */ = {
			isa = XCBuildConfiguration;
			buildSettings = {
				ALLOW_TARGET_PLATFORM_SPECIALIZATION = YES;
				ALWAYS_EMBED_SWIFT_STANDARD_LIBRARIES = YES;
				CODE_SIGN_STYLE = Automatic;
				CURRENT_PROJECT_VERSION = 1;
				DEVELOPMENT_TEAM = 384WS8QBWW;
				GENERATE_INFOPLIST_FILE = YES;
				IPHONEOS_DEPLOYMENT_TARGET = 17.4;
				MACOSX_DEPLOYMENT_TARGET = 14.4;
				MARKETING_VERSION = 1.0;
				PRODUCT_BUNDLE_IDENTIFIER = com.peteschuette.DARTITests;
				PRODUCT_NAME = "$(TARGET_NAME)";
				SDKROOT = auto;
				SUPPORTED_PLATFORMS = "iphoneos iphonesimulator macosx";
				SWIFT_EMIT_LOC_STRINGS = NO;
				SWIFT_VERSION = 5.0;
				TARGETED_DEVICE_FAMILY = "1,2";
			};
			name = Debug;
		};
		4945657F2BB9F7980056FC15 /* Release */ = {
			isa = XCBuildConfiguration;
			buildSettings = {
				ALLOW_TARGET_PLATFORM_SPECIALIZATION = YES;
				ALWAYS_EMBED_SWIFT_STANDARD_LIBRARIES = YES;
				CODE_SIGN_STYLE = Automatic;
				CURRENT_PROJECT_VERSION = 1;
				DEVELOPMENT_TEAM = 384WS8QBWW;
				GENERATE_INFOPLIST_FILE = YES;
				IPHONEOS_DEPLOYMENT_TARGET = 17.4;
				MACOSX_DEPLOYMENT_TARGET = 14.4;
				MARKETING_VERSION = 1.0;
				PRODUCT_BUNDLE_IDENTIFIER = com.peteschuette.DARTITests;
				PRODUCT_NAME = "$(TARGET_NAME)";
				SDKROOT = auto;
				SUPPORTED_PLATFORMS = "iphoneos iphonesimulator macosx";
				SWIFT_EMIT_LOC_STRINGS = NO;
				SWIFT_VERSION = 5.0;
				TARGETED_DEVICE_FAMILY = "1,2";
			};
			name = Release;
		};
/* End XCBuildConfiguration section */

/* Begin XCConfigurationList section */
		494565602BB9F7980056FC15 /* Build configuration list for PBXProject "DARTI" */ = {
			isa = XCConfigurationList;
			buildConfigurations = (
				494565782BB9F7980056FC15 /* Debug */,
				494565792BB9F7980056FC15 /* Release */,
			);
			defaultConfigurationIsVisible = 0;
			defaultConfigurationName = Release;
		};
		4945657A2BB9F7980056FC15 /* Build configuration list for PBXNativeTarget "DARTI" */ = {
			isa = XCConfigurationList;
			buildConfigurations = (
				4945657B2BB9F7980056FC15 /* Debug */,
				4945657C2BB9F7980056FC15 /* Release */,
			);
			defaultConfigurationIsVisible = 0;
			defaultConfigurationName = Release;
		};
		4945657D2BB9F7980056FC15 /* Build configuration list for PBXNativeTarget "DARTITests" */ = {
			isa = XCConfigurationList;
			buildConfigurations = (
				4945657E2BB9F7980056FC15 /* Debug */,
				4945657F2BB9F7980056FC15 /* Release */,
			);
			defaultConfigurationIsVisible = 0;
			defaultConfigurationName = Release;
		};
/* End XCConfigurationList section */
	};
	rootObject = 4945655D2BB9F7980056FC15 /* Project object */;
}
